<?xml version="1.0" encoding="utf-8"?>
<Project ToolsVersion="4.0" xmlns="http://schemas.microsoft.com/developer/msbuild/2003">
  <ItemGroup>
    <Filter Include="Core">
      <UniqueIdentifier>{741a7b33-e881-44a9-8b55-ceec9b3711cf}</UniqueIdentifier>
    </Filter>
    <Filter Include="Utils">
      <UniqueIdentifier>{137595ad-6557-44d2-8257-d5e5642f7afd}</UniqueIdentifier>
    </Filter>
    <Filter Include="Priority Queue">
      <UniqueIdentifier>{0ff151c4-65ec-4cb9-b674-8206467803a5}</UniqueIdentifier>
    </Filter>
  </ItemGroup>
  <ItemGroup>
    <ClCompile Include="Maze.cpp">
      <Filter>Core</Filter>
    </ClCompile>
    <ClCompile Include="Main.cpp" />
    <ClCompile Include="CsvReader.cpp">
      <Filter>Utils</Filter>
    </ClCompile>
    <ClCompile Include="PQueue.cpp">
      <Filter>Priority Queue</Filter>
    </ClCompile>
  </ItemGroup>
  <ItemGroup>
    <ClInclude Include="Maze.h">
      <Filter>Core</Filter>
    </ClInclude>
    <ClInclude Include="Point.h">
      <Filter>Utils</Filter>
    </ClInclude>
    <ClInclude Include="Node.h">
      <Filter>Core</Filter>
    </ClInclude>
    <ClInclude Include="CsvReader.h">
      <Filter>Utils</Filter>
    </ClInclude>
    <ClInclude Include="PQueue.h">
      <Filter>Priority Queue</Filter>
    </ClInclude>
  </ItemGroup>
</Project>